
Microsoft Visual Studio Solution File, Format Version 12.00
# Visual Studio Version 16
VisualStudioVersion = 16.0.30204.135
MinimumVisualStudioVersion = 10.0.40219.1
Project("{FAE04EC0-301F-11D3-BF4B-00C04F79EFBC}") = "VK BOT Sectum", "VK BOT Sectum\VK BOT Sectum.csproj", "{46F6C20A-ADF3-4F2C-881F-2175774377D6}"
EndProject
Global
	GlobalSection(SolutionConfigurationPlatforms) = preSolution
		Debug|Any CPU = Debug|Any CPU
		Release|Any CPU = Release|Any CPU
	EndGlobalSection
	GlobalSection(ProjectConfigurationPlatforms) = postSolution
		{46F6C20A-ADF3-4F2C-881F-2175774377D6}.Debug|Any CPU.ActiveCfg = Debug|Any CPU
		{46F6C20A-ADF3-4F2C-881F-2175774377D6}.Debug|Any CPU.Build.0 = Debug|Any CPU
		{46F6C20A-ADF3-4F2C-881F-2175774377D6}.Release|Any CPU.ActiveCfg = Release|Any CPU
		{46F6C20A-ADF3-4F2C-881F-2175774377D6}.Release|Any CPU.Build.0 = Release|Any CPU
	EndGlobalSection
	GlobalSection(SolutionProperties) = preSolution
		HideSolutionNode = FALSE
	EndGlobalSection
	GlobalSection(ExtensibilityGlobals) = postSolution
		SolutionGuid = {38EB83C6-F1D6-4210-91FF-3700606DDF0B}
	EndGlobalSection
EndGlobal
