
Microsoft Visual Studio Solution File, Format Version 12.00
# Visual Studio Version 16
VisualStudioVersion = 16.0.31624.102
MinimumVisualStudioVersion = 10.0.40219.1
Project("{8BC9CEB8-8B4A-11D0-8D11-00A0C91BC942}") = "Pashok12", "Pashok12\Pashok12.vcxproj", "{AA7F856B-75B1-4CF0-A009-71B773275EFF}"
EndProject
Global
	GlobalSection(SolutionConfigurationPlatforms) = preSolution
		Debug|x64 = Debug|x64
		Debug|x86 = Debug|x86
		Release|x64 = Release|x64
		Release|x86 = Release|x86
	EndGlobalSection
	GlobalSection(ProjectConfigurationPlatforms) = postSolution
		{AA7F856B-75B1-4CF0-A009-71B773275EFF}.Debug|x64.ActiveCfg = Debug|x64
		{AA7F856B-75B1-4CF0-A009-71B773275EFF}.Debug|x64.Build.0 = Debug|x64
		{AA7F856B-75B1-4CF0-A009-71B773275EFF}.Debug|x86.ActiveCfg = Debug|Win32
		{AA7F856B-75B1-4CF0-A009-71B773275EFF}.Debug|x86.Build.0 = Debug|Win32
		{AA7F856B-75B1-4CF0-A009-71B773275EFF}.Release|x64.ActiveCfg = Release|x64
		{AA7F856B-75B1-4CF0-A009-71B773275EFF}.Release|x64.Build.0 = Release|x64
		{AA7F856B-75B1-4CF0-A009-71B773275EFF}.Release|x86.ActiveCfg = Release|Win32
		{AA7F856B-75B1-4CF0-A009-71B773275EFF}.Release|x86.Build.0 = Release|Win32
	EndGlobalSection
	GlobalSection(SolutionProperties) = preSolution
		HideSolutionNode = FALSE
	EndGlobalSection
	GlobalSection(ExtensibilityGlobals) = postSolution
		SolutionGuid = {4450F46A-7559-4446-A760-EDE1FA0DFF64}
	EndGlobalSection
EndGlobal
