
Microsoft Visual Studio Solution File, Format Version 12.00
# Visual Studio Version 17
VisualStudioVersion = 17.0.32014.148
MinimumVisualStudioVersion = 10.0.40219.1
Project("{FAE04EC0-301F-11D3-BF4B-00C04F79EFBC}") = "SIAOD1", "SIAOD1\SIAOD1.csproj", "{4C05474D-D047-4987-9A12-24E40EF138E3}"
EndProject
Global
	GlobalSection(SolutionConfigurationPlatforms) = preSolution
		Debug|Any CPU = Debug|Any CPU
		Release|Any CPU = Release|Any CPU
	EndGlobalSection
	GlobalSection(ProjectConfigurationPlatforms) = postSolution
		{4C05474D-D047-4987-9A12-24E40EF138E3}.Debug|Any CPU.ActiveCfg = Debug|Any CPU
		{4C05474D-D047-4987-9A12-24E40EF138E3}.Debug|Any CPU.Build.0 = Debug|Any CPU
		{4C05474D-D047-4987-9A12-24E40EF138E3}.Release|Any CPU.ActiveCfg = Release|Any CPU
		{4C05474D-D047-4987-9A12-24E40EF138E3}.Release|Any CPU.Build.0 = Release|Any CPU
	EndGlobalSection
	GlobalSection(SolutionProperties) = preSolution
		HideSolutionNode = FALSE
	EndGlobalSection
	GlobalSection(ExtensibilityGlobals) = postSolution
		SolutionGuid = {801FDEB5-788E-4508-BCDB-9B0D2326526A}
	EndGlobalSection
EndGlobal
