
Microsoft Visual Studio Solution File, Format Version 12.00
# Visual Studio Version 16
VisualStudioVersion = 16.0.31624.102
MinimumVisualStudioVersion = 10.0.40219.1
Project("{8BC9CEB8-8B4A-11D0-8D11-00A0C91BC942}") = "Lab15", "Lab15\Lab15.vcxproj", "{DABE1634-A72A-4B79-9F1B-CA1E1FC0F2A6}"
EndProject
Global
	GlobalSection(SolutionConfigurationPlatforms) = preSolution
		Debug|x64 = Debug|x64
		Debug|x86 = Debug|x86
		Release|x64 = Release|x64
		Release|x86 = Release|x86
	EndGlobalSection
	GlobalSection(ProjectConfigurationPlatforms) = postSolution
		{DABE1634-A72A-4B79-9F1B-CA1E1FC0F2A6}.Debug|x64.ActiveCfg = Debug|x64
		{DABE1634-A72A-4B79-9F1B-CA1E1FC0F2A6}.Debug|x64.Build.0 = Debug|x64
		{DABE1634-A72A-4B79-9F1B-CA1E1FC0F2A6}.Debug|x86.ActiveCfg = Debug|Win32
		{DABE1634-A72A-4B79-9F1B-CA1E1FC0F2A6}.Debug|x86.Build.0 = Debug|Win32
		{DABE1634-A72A-4B79-9F1B-CA1E1FC0F2A6}.Release|x64.ActiveCfg = Release|x64
		{DABE1634-A72A-4B79-9F1B-CA1E1FC0F2A6}.Release|x64.Build.0 = Release|x64
		{DABE1634-A72A-4B79-9F1B-CA1E1FC0F2A6}.Release|x86.ActiveCfg = Release|Win32
		{DABE1634-A72A-4B79-9F1B-CA1E1FC0F2A6}.Release|x86.Build.0 = Release|Win32
	EndGlobalSection
	GlobalSection(SolutionProperties) = preSolution
		HideSolutionNode = FALSE
	EndGlobalSection
	GlobalSection(ExtensibilityGlobals) = postSolution
		SolutionGuid = {9B93ADFF-EFAE-459E-804A-99F6841A2B2D}
	EndGlobalSection
EndGlobal
