
Microsoft Visual Studio Solution File, Format Version 12.00
# Visual Studio Version 16
VisualStudioVersion = 16.0.31624.102
MinimumVisualStudioVersion = 10.0.40219.1
Project("{8BC9CEB8-8B4A-11D0-8D11-00A0C91BC942}") = "Lab8_1", "Lab8\Lab8.vcxproj", "{8B01F13B-1712-485C-88CF-4E3097E57B4E}"
EndProject
Project("{8BC9CEB8-8B4A-11D0-8D11-00A0C91BC942}") = "Lab8_2", "Lab8_2\Lab8_2.vcxproj", "{969D9328-7CED-4D66-A773-0819F8C384F9}"
EndProject
Global
	GlobalSection(SolutionConfigurationPlatforms) = preSolution
		Debug|x64 = Debug|x64
		Debug|x86 = Debug|x86
		Release|x64 = Release|x64
		Release|x86 = Release|x86
	EndGlobalSection
	GlobalSection(ProjectConfigurationPlatforms) = postSolution
		{8B01F13B-1712-485C-88CF-4E3097E57B4E}.Debug|x64.ActiveCfg = Debug|x64
		{8B01F13B-1712-485C-88CF-4E3097E57B4E}.Debug|x64.Build.0 = Debug|x64
		{8B01F13B-1712-485C-88CF-4E3097E57B4E}.Debug|x86.ActiveCfg = Debug|Win32
		{8B01F13B-1712-485C-88CF-4E3097E57B4E}.Debug|x86.Build.0 = Debug|Win32
		{8B01F13B-1712-485C-88CF-4E3097E57B4E}.Release|x64.ActiveCfg = Release|x64
		{8B01F13B-1712-485C-88CF-4E3097E57B4E}.Release|x64.Build.0 = Release|x64
		{8B01F13B-1712-485C-88CF-4E3097E57B4E}.Release|x86.ActiveCfg = Release|Win32
		{8B01F13B-1712-485C-88CF-4E3097E57B4E}.Release|x86.Build.0 = Release|Win32
		{969D9328-7CED-4D66-A773-0819F8C384F9}.Debug|x64.ActiveCfg = Debug|x64
		{969D9328-7CED-4D66-A773-0819F8C384F9}.Debug|x64.Build.0 = Debug|x64
		{969D9328-7CED-4D66-A773-0819F8C384F9}.Debug|x86.ActiveCfg = Debug|Win32
		{969D9328-7CED-4D66-A773-0819F8C384F9}.Debug|x86.Build.0 = Debug|Win32
		{969D9328-7CED-4D66-A773-0819F8C384F9}.Release|x64.ActiveCfg = Release|x64
		{969D9328-7CED-4D66-A773-0819F8C384F9}.Release|x64.Build.0 = Release|x64
		{969D9328-7CED-4D66-A773-0819F8C384F9}.Release|x86.ActiveCfg = Release|Win32
		{969D9328-7CED-4D66-A773-0819F8C384F9}.Release|x86.Build.0 = Release|Win32
	EndGlobalSection
	GlobalSection(SolutionProperties) = preSolution
		HideSolutionNode = FALSE
	EndGlobalSection
	GlobalSection(ExtensibilityGlobals) = postSolution
		SolutionGuid = {F3BB3FDF-15C6-4316-9AC8-4BB2B6355BFA}
	EndGlobalSection
EndGlobal
