
Microsoft Visual Studio Solution File, Format Version 12.00
# Visual Studio Version 17
VisualStudioVersion = 17.0.32014.148
MinimumVisualStudioVersion = 10.0.40219.1
Project("{8BC9CEB8-8B4A-11D0-8D11-00A0C91BC942}") = "P3.1", "P3\P3.vcxproj", "{89EA54F5-E65F-40E3-979E-141B58DA54E7}"
EndProject
Project("{8BC9CEB8-8B4A-11D0-8D11-00A0C91BC942}") = "P3.2", "P3.2\P3.2.vcxproj", "{42479064-70B1-4C46-BB43-473B93E42298}"
EndProject
Global
	GlobalSection(SolutionConfigurationPlatforms) = preSolution
		Debug|x64 = Debug|x64
		Debug|x86 = Debug|x86
		Release|x64 = Release|x64
		Release|x86 = Release|x86
	EndGlobalSection
	GlobalSection(ProjectConfigurationPlatforms) = postSolution
		{89EA54F5-E65F-40E3-979E-141B58DA54E7}.Debug|x64.ActiveCfg = Debug|x64
		{89EA54F5-E65F-40E3-979E-141B58DA54E7}.Debug|x64.Build.0 = Debug|x64
		{89EA54F5-E65F-40E3-979E-141B58DA54E7}.Debug|x86.ActiveCfg = Debug|Win32
		{89EA54F5-E65F-40E3-979E-141B58DA54E7}.Debug|x86.Build.0 = Debug|Win32
		{89EA54F5-E65F-40E3-979E-141B58DA54E7}.Release|x64.ActiveCfg = Release|x64
		{89EA54F5-E65F-40E3-979E-141B58DA54E7}.Release|x64.Build.0 = Release|x64
		{89EA54F5-E65F-40E3-979E-141B58DA54E7}.Release|x86.ActiveCfg = Release|Win32
		{89EA54F5-E65F-40E3-979E-141B58DA54E7}.Release|x86.Build.0 = Release|Win32
		{42479064-70B1-4C46-BB43-473B93E42298}.Debug|x64.ActiveCfg = Debug|x64
		{42479064-70B1-4C46-BB43-473B93E42298}.Debug|x64.Build.0 = Debug|x64
		{42479064-70B1-4C46-BB43-473B93E42298}.Debug|x86.ActiveCfg = Debug|Win32
		{42479064-70B1-4C46-BB43-473B93E42298}.Debug|x86.Build.0 = Debug|Win32
		{42479064-70B1-4C46-BB43-473B93E42298}.Release|x64.ActiveCfg = Release|x64
		{42479064-70B1-4C46-BB43-473B93E42298}.Release|x64.Build.0 = Release|x64
		{42479064-70B1-4C46-BB43-473B93E42298}.Release|x86.ActiveCfg = Release|Win32
		{42479064-70B1-4C46-BB43-473B93E42298}.Release|x86.Build.0 = Release|Win32
	EndGlobalSection
	GlobalSection(SolutionProperties) = preSolution
		HideSolutionNode = FALSE
	EndGlobalSection
	GlobalSection(ExtensibilityGlobals) = postSolution
		SolutionGuid = {E669262F-C0A7-47CB-A34F-308ACACA3C17}
	EndGlobalSection
EndGlobal
