
Microsoft Visual Studio Solution File, Format Version 12.00
# Visual Studio Version 17
VisualStudioVersion = 17.0.32014.148
MinimumVisualStudioVersion = 10.0.40219.1
Project("{8BC9CEB8-8B4A-11D0-8D11-00A0C91BC942}") = "Maks2-2", "Maks2-2\Maks2-2.vcxproj", "{AE872CFD-9320-4B90-AFE3-C8AA4279771F}"
EndProject
Global
	GlobalSection(SolutionConfigurationPlatforms) = preSolution
		Debug|x64 = Debug|x64
		Debug|x86 = Debug|x86
		Release|x64 = Release|x64
		Release|x86 = Release|x86
	EndGlobalSection
	GlobalSection(ProjectConfigurationPlatforms) = postSolution
		{AE872CFD-9320-4B90-AFE3-C8AA4279771F}.Debug|x64.ActiveCfg = Debug|x64
		{AE872CFD-9320-4B90-AFE3-C8AA4279771F}.Debug|x64.Build.0 = Debug|x64
		{AE872CFD-9320-4B90-AFE3-C8AA4279771F}.Debug|x86.ActiveCfg = Debug|Win32
		{AE872CFD-9320-4B90-AFE3-C8AA4279771F}.Debug|x86.Build.0 = Debug|Win32
		{AE872CFD-9320-4B90-AFE3-C8AA4279771F}.Release|x64.ActiveCfg = Release|x64
		{AE872CFD-9320-4B90-AFE3-C8AA4279771F}.Release|x64.Build.0 = Release|x64
		{AE872CFD-9320-4B90-AFE3-C8AA4279771F}.Release|x86.ActiveCfg = Release|Win32
		{AE872CFD-9320-4B90-AFE3-C8AA4279771F}.Release|x86.Build.0 = Release|Win32
	EndGlobalSection
	GlobalSection(SolutionProperties) = preSolution
		HideSolutionNode = FALSE
	EndGlobalSection
	GlobalSection(ExtensibilityGlobals) = postSolution
		SolutionGuid = {F2404411-1AFB-4601-9D2F-ABF68062E21D}
	EndGlobalSection
EndGlobal
