
Microsoft Visual Studio Solution File, Format Version 12.00
# Visual Studio Version 16
VisualStudioVersion = 16.0.31624.102
MinimumVisualStudioVersion = 10.0.40219.1
Project("{8BC9CEB8-8B4A-11D0-8D11-00A0C91BC942}") = "Lab6_2", "MaksLabs\MaksLabs.vcxproj", "{2B067B0A-ACE4-4355-99EF-D146C77D5FCD}"
EndProject
Project("{8BC9CEB8-8B4A-11D0-8D11-00A0C91BC942}") = "Lab7_1", "Lab7\Lab7.vcxproj", "{63D20E1D-1153-4A73-874E-05C0CF4B992F}"
EndProject
Project("{8BC9CEB8-8B4A-11D0-8D11-00A0C91BC942}") = "Lab7_2", "Lab7_2\Lab7_2.vcxproj", "{9D8A7E8C-BDD7-43ED-A6AC-44C9DF400EE3}"
EndProject
Project("{8BC9CEB8-8B4A-11D0-8D11-00A0C91BC942}") = "Lab8_1", "Lab8_1\Lab8_1.vcxproj", "{C85B93F0-A288-4058-AEB1-EA06C2E4FFEC}"
EndProject
Project("{8BC9CEB8-8B4A-11D0-8D11-00A0C91BC942}") = "Lab8_2", "Lab8_2\Lab8_2.vcxproj", "{6AC91506-9828-4242-944A-3B7581038FB6}"
EndProject
Project("{8BC9CEB8-8B4A-11D0-8D11-00A0C91BC942}") = "Lab9_1", "Lab9_1\Lab9_1.vcxproj", "{96EEB323-F202-496D-A691-1300851EE8B4}"
EndProject
Project("{8BC9CEB8-8B4A-11D0-8D11-00A0C91BC942}") = "Lab9_2", "Lab9_2\Lab9_2.vcxproj", "{196AA6B0-4B27-4E51-9A71-48695728D6EF}"
EndProject
Project("{8BC9CEB8-8B4A-11D0-8D11-00A0C91BC942}") = "Lab10", "Lab10\Lab10.vcxproj", "{566AC288-6876-41E1-A757-8C6C000C882D}"
EndProject
Project("{8BC9CEB8-8B4A-11D0-8D11-00A0C91BC942}") = "Lab11_1", "Lab11_1\Lab11_1.vcxproj", "{7413A899-DC13-42B0-A878-1388E00EF4B9}"
EndProject
Project("{8BC9CEB8-8B4A-11D0-8D11-00A0C91BC942}") = "Lab11_2", "Lab11_2\Lab11_2.vcxproj", "{05097C55-39FA-46E8-A07B-6ED9C4965814}"
EndProject
Project("{8BC9CEB8-8B4A-11D0-8D11-00A0C91BC942}") = "Lab13", "Lab13\Lab13.vcxproj", "{782FCAF3-87B6-4E7F-85EC-AAF922BB5742}"
EndProject
Project("{8BC9CEB8-8B4A-11D0-8D11-00A0C91BC942}") = "Lab14", "Lab14\Lab14.vcxproj", "{3968C7E7-E3E2-46FF-A163-89A7E88C2D2E}"
EndProject
Global
	GlobalSection(SolutionConfigurationPlatforms) = preSolution
		Debug|x64 = Debug|x64
		Debug|x86 = Debug|x86
		Release|x64 = Release|x64
		Release|x86 = Release|x86
	EndGlobalSection
	GlobalSection(ProjectConfigurationPlatforms) = postSolution
		{2B067B0A-ACE4-4355-99EF-D146C77D5FCD}.Debug|x64.ActiveCfg = Debug|x64
		{2B067B0A-ACE4-4355-99EF-D146C77D5FCD}.Debug|x64.Build.0 = Debug|x64
		{2B067B0A-ACE4-4355-99EF-D146C77D5FCD}.Debug|x86.ActiveCfg = Debug|Win32
		{2B067B0A-ACE4-4355-99EF-D146C77D5FCD}.Debug|x86.Build.0 = Debug|Win32
		{2B067B0A-ACE4-4355-99EF-D146C77D5FCD}.Release|x64.ActiveCfg = Release|x64
		{2B067B0A-ACE4-4355-99EF-D146C77D5FCD}.Release|x64.Build.0 = Release|x64
		{2B067B0A-ACE4-4355-99EF-D146C77D5FCD}.Release|x86.ActiveCfg = Release|Win32
		{2B067B0A-ACE4-4355-99EF-D146C77D5FCD}.Release|x86.Build.0 = Release|Win32
		{63D20E1D-1153-4A73-874E-05C0CF4B992F}.Debug|x64.ActiveCfg = Debug|x64
		{63D20E1D-1153-4A73-874E-05C0CF4B992F}.Debug|x64.Build.0 = Debug|x64
		{63D20E1D-1153-4A73-874E-05C0CF4B992F}.Debug|x86.ActiveCfg = Debug|Win32
		{63D20E1D-1153-4A73-874E-05C0CF4B992F}.Debug|x86.Build.0 = Debug|Win32
		{63D20E1D-1153-4A73-874E-05C0CF4B992F}.Release|x64.ActiveCfg = Release|x64
		{63D20E1D-1153-4A73-874E-05C0CF4B992F}.Release|x64.Build.0 = Release|x64
		{63D20E1D-1153-4A73-874E-05C0CF4B992F}.Release|x86.ActiveCfg = Release|Win32
		{63D20E1D-1153-4A73-874E-05C0CF4B992F}.Release|x86.Build.0 = Release|Win32
		{9D8A7E8C-BDD7-43ED-A6AC-44C9DF400EE3}.Debug|x64.ActiveCfg = Debug|x64
		{9D8A7E8C-BDD7-43ED-A6AC-44C9DF400EE3}.Debug|x64.Build.0 = Debug|x64
		{9D8A7E8C-BDD7-43ED-A6AC-44C9DF400EE3}.Debug|x86.ActiveCfg = Debug|Win32
		{9D8A7E8C-BDD7-43ED-A6AC-44C9DF400EE3}.Debug|x86.Build.0 = Debug|Win32
		{9D8A7E8C-BDD7-43ED-A6AC-44C9DF400EE3}.Release|x64.ActiveCfg = Release|x64
		{9D8A7E8C-BDD7-43ED-A6AC-44C9DF400EE3}.Release|x64.Build.0 = Release|x64
		{9D8A7E8C-BDD7-43ED-A6AC-44C9DF400EE3}.Release|x86.ActiveCfg = Release|Win32
		{9D8A7E8C-BDD7-43ED-A6AC-44C9DF400EE3}.Release|x86.Build.0 = Release|Win32
		{C85B93F0-A288-4058-AEB1-EA06C2E4FFEC}.Debug|x64.ActiveCfg = Debug|x64
		{C85B93F0-A288-4058-AEB1-EA06C2E4FFEC}.Debug|x64.Build.0 = Debug|x64
		{C85B93F0-A288-4058-AEB1-EA06C2E4FFEC}.Debug|x86.ActiveCfg = Debug|Win32
		{C85B93F0-A288-4058-AEB1-EA06C2E4FFEC}.Debug|x86.Build.0 = Debug|Win32
		{C85B93F0-A288-4058-AEB1-EA06C2E4FFEC}.Release|x64.ActiveCfg = Release|x64
		{C85B93F0-A288-4058-AEB1-EA06C2E4FFEC}.Release|x64.Build.0 = Release|x64
		{C85B93F0-A288-4058-AEB1-EA06C2E4FFEC}.Release|x86.ActiveCfg = Release|Win32
		{C85B93F0-A288-4058-AEB1-EA06C2E4FFEC}.Release|x86.Build.0 = Release|Win32
		{6AC91506-9828-4242-944A-3B7581038FB6}.Debug|x64.ActiveCfg = Debug|x64
		{6AC91506-9828-4242-944A-3B7581038FB6}.Debug|x64.Build.0 = Debug|x64
		{6AC91506-9828-4242-944A-3B7581038FB6}.Debug|x86.ActiveCfg = Debug|Win32
		{6AC91506-9828-4242-944A-3B7581038FB6}.Debug|x86.Build.0 = Debug|Win32
		{6AC91506-9828-4242-944A-3B7581038FB6}.Release|x64.ActiveCfg = Release|x64
		{6AC91506-9828-4242-944A-3B7581038FB6}.Release|x64.Build.0 = Release|x64
		{6AC91506-9828-4242-944A-3B7581038FB6}.Release|x86.ActiveCfg = Release|Win32
		{6AC91506-9828-4242-944A-3B7581038FB6}.Release|x86.Build.0 = Release|Win32
		{96EEB323-F202-496D-A691-1300851EE8B4}.Debug|x64.ActiveCfg = Debug|x64
		{96EEB323-F202-496D-A691-1300851EE8B4}.Debug|x64.Build.0 = Debug|x64
		{96EEB323-F202-496D-A691-1300851EE8B4}.Debug|x86.ActiveCfg = Debug|Win32
		{96EEB323-F202-496D-A691-1300851EE8B4}.Debug|x86.Build.0 = Debug|Win32
		{96EEB323-F202-496D-A691-1300851EE8B4}.Release|x64.ActiveCfg = Release|x64
		{96EEB323-F202-496D-A691-1300851EE8B4}.Release|x64.Build.0 = Release|x64
		{96EEB323-F202-496D-A691-1300851EE8B4}.Release|x86.ActiveCfg = Release|Win32
		{96EEB323-F202-496D-A691-1300851EE8B4}.Release|x86.Build.0 = Release|Win32
		{196AA6B0-4B27-4E51-9A71-48695728D6EF}.Debug|x64.ActiveCfg = Debug|x64
		{196AA6B0-4B27-4E51-9A71-48695728D6EF}.Debug|x64.Build.0 = Debug|x64
		{196AA6B0-4B27-4E51-9A71-48695728D6EF}.Debug|x86.ActiveCfg = Debug|Win32
		{196AA6B0-4B27-4E51-9A71-48695728D6EF}.Debug|x86.Build.0 = Debug|Win32
		{196AA6B0-4B27-4E51-9A71-48695728D6EF}.Release|x64.ActiveCfg = Release|x64
		{196AA6B0-4B27-4E51-9A71-48695728D6EF}.Release|x64.Build.0 = Release|x64
		{196AA6B0-4B27-4E51-9A71-48695728D6EF}.Release|x86.ActiveCfg = Release|Win32
		{196AA6B0-4B27-4E51-9A71-48695728D6EF}.Release|x86.Build.0 = Release|Win32
		{566AC288-6876-41E1-A757-8C6C000C882D}.Debug|x64.ActiveCfg = Debug|x64
		{566AC288-6876-41E1-A757-8C6C000C882D}.Debug|x64.Build.0 = Debug|x64
		{566AC288-6876-41E1-A757-8C6C000C882D}.Debug|x86.ActiveCfg = Debug|Win32
		{566AC288-6876-41E1-A757-8C6C000C882D}.Debug|x86.Build.0 = Debug|Win32
		{566AC288-6876-41E1-A757-8C6C000C882D}.Release|x64.ActiveCfg = Release|x64
		{566AC288-6876-41E1-A757-8C6C000C882D}.Release|x64.Build.0 = Release|x64
		{566AC288-6876-41E1-A757-8C6C000C882D}.Release|x86.ActiveCfg = Release|Win32
		{566AC288-6876-41E1-A757-8C6C000C882D}.Release|x86.Build.0 = Release|Win32
		{7413A899-DC13-42B0-A878-1388E00EF4B9}.Debug|x64.ActiveCfg = Debug|x64
		{7413A899-DC13-42B0-A878-1388E00EF4B9}.Debug|x64.Build.0 = Debug|x64
		{7413A899-DC13-42B0-A878-1388E00EF4B9}.Debug|x86.ActiveCfg = Debug|Win32
		{7413A899-DC13-42B0-A878-1388E00EF4B9}.Debug|x86.Build.0 = Debug|Win32
		{7413A899-DC13-42B0-A878-1388E00EF4B9}.Release|x64.ActiveCfg = Release|x64
		{7413A899-DC13-42B0-A878-1388E00EF4B9}.Release|x64.Build.0 = Release|x64
		{7413A899-DC13-42B0-A878-1388E00EF4B9}.Release|x86.ActiveCfg = Release|Win32
		{7413A899-DC13-42B0-A878-1388E00EF4B9}.Release|x86.Build.0 = Release|Win32
		{05097C55-39FA-46E8-A07B-6ED9C4965814}.Debug|x64.ActiveCfg = Debug|x64
		{05097C55-39FA-46E8-A07B-6ED9C4965814}.Debug|x64.Build.0 = Debug|x64
		{05097C55-39FA-46E8-A07B-6ED9C4965814}.Debug|x86.ActiveCfg = Debug|Win32
		{05097C55-39FA-46E8-A07B-6ED9C4965814}.Debug|x86.Build.0 = Debug|Win32
		{05097C55-39FA-46E8-A07B-6ED9C4965814}.Release|x64.ActiveCfg = Release|x64
		{05097C55-39FA-46E8-A07B-6ED9C4965814}.Release|x64.Build.0 = Release|x64
		{05097C55-39FA-46E8-A07B-6ED9C4965814}.Release|x86.ActiveCfg = Release|Win32
		{05097C55-39FA-46E8-A07B-6ED9C4965814}.Release|x86.Build.0 = Release|Win32
		{782FCAF3-87B6-4E7F-85EC-AAF922BB5742}.Debug|x64.ActiveCfg = Debug|x64
		{782FCAF3-87B6-4E7F-85EC-AAF922BB5742}.Debug|x64.Build.0 = Debug|x64
		{782FCAF3-87B6-4E7F-85EC-AAF922BB5742}.Debug|x86.ActiveCfg = Debug|Win32
		{782FCAF3-87B6-4E7F-85EC-AAF922BB5742}.Debug|x86.Build.0 = Debug|Win32
		{782FCAF3-87B6-4E7F-85EC-AAF922BB5742}.Release|x64.ActiveCfg = Release|x64
		{782FCAF3-87B6-4E7F-85EC-AAF922BB5742}.Release|x64.Build.0 = Release|x64
		{782FCAF3-87B6-4E7F-85EC-AAF922BB5742}.Release|x86.ActiveCfg = Release|Win32
		{782FCAF3-87B6-4E7F-85EC-AAF922BB5742}.Release|x86.Build.0 = Release|Win32
		{3968C7E7-E3E2-46FF-A163-89A7E88C2D2E}.Debug|x64.ActiveCfg = Debug|x64
		{3968C7E7-E3E2-46FF-A163-89A7E88C2D2E}.Debug|x64.Build.0 = Debug|x64
		{3968C7E7-E3E2-46FF-A163-89A7E88C2D2E}.Debug|x86.ActiveCfg = Debug|Win32
		{3968C7E7-E3E2-46FF-A163-89A7E88C2D2E}.Debug|x86.Build.0 = Debug|Win32
		{3968C7E7-E3E2-46FF-A163-89A7E88C2D2E}.Release|x64.ActiveCfg = Release|x64
		{3968C7E7-E3E2-46FF-A163-89A7E88C2D2E}.Release|x64.Build.0 = Release|x64
		{3968C7E7-E3E2-46FF-A163-89A7E88C2D2E}.Release|x86.ActiveCfg = Release|Win32
		{3968C7E7-E3E2-46FF-A163-89A7E88C2D2E}.Release|x86.Build.0 = Release|Win32
	EndGlobalSection
	GlobalSection(SolutionProperties) = preSolution
		HideSolutionNode = FALSE
	EndGlobalSection
	GlobalSection(ExtensibilityGlobals) = postSolution
		SolutionGuid = {265EB617-0049-4567-8C86-F9B45B8B7BA0}
	EndGlobalSection
EndGlobal
