
Microsoft Visual Studio Solution File, Format Version 12.00
# Visual Studio Version 17
VisualStudioVersion = 17.0.32014.148
MinimumVisualStudioVersion = 10.0.40219.1
Project("{8BC9CEB8-8B4A-11D0-8D11-00A0C91BC942}") = "2Lab11", "2Lab11\2Lab11.vcxproj", "{35E11D1F-73FA-436D-A082-9B8B2D3B65E5}"
EndProject
Global
	GlobalSection(SolutionConfigurationPlatforms) = preSolution
		Debug|x64 = Debug|x64
		Debug|x86 = Debug|x86
		Release|x64 = Release|x64
		Release|x86 = Release|x86
	EndGlobalSection
	GlobalSection(ProjectConfigurationPlatforms) = postSolution
		{35E11D1F-73FA-436D-A082-9B8B2D3B65E5}.Debug|x64.ActiveCfg = Debug|x64
		{35E11D1F-73FA-436D-A082-9B8B2D3B65E5}.Debug|x64.Build.0 = Debug|x64
		{35E11D1F-73FA-436D-A082-9B8B2D3B65E5}.Debug|x86.ActiveCfg = Debug|Win32
		{35E11D1F-73FA-436D-A082-9B8B2D3B65E5}.Debug|x86.Build.0 = Debug|Win32
		{35E11D1F-73FA-436D-A082-9B8B2D3B65E5}.Release|x64.ActiveCfg = Release|x64
		{35E11D1F-73FA-436D-A082-9B8B2D3B65E5}.Release|x64.Build.0 = Release|x64
		{35E11D1F-73FA-436D-A082-9B8B2D3B65E5}.Release|x86.ActiveCfg = Release|Win32
		{35E11D1F-73FA-436D-A082-9B8B2D3B65E5}.Release|x86.Build.0 = Release|Win32
	EndGlobalSection
	GlobalSection(SolutionProperties) = preSolution
		HideSolutionNode = FALSE
	EndGlobalSection
	GlobalSection(ExtensibilityGlobals) = postSolution
		SolutionGuid = {A3111BF9-D111-4926-93B9-7BB4AD77B2F6}
	EndGlobalSection
EndGlobal
