
Microsoft Visual Studio Solution File, Format Version 12.00
# Visual Studio Version 16
VisualStudioVersion = 16.0.31624.102
MinimumVisualStudioVersion = 10.0.40219.1
Project("{8BC9CEB8-8B4A-11D0-8D11-00A0C91BC942}") = "Lab3-2", "Lab3-2\Lab3-2.vcxproj", "{C3E44C3E-718F-4FD3-9280-7E80759EFC90}"
EndProject
Global
	GlobalSection(SolutionConfigurationPlatforms) = preSolution
		Debug|x64 = Debug|x64
		Debug|x86 = Debug|x86
		Release|x64 = Release|x64
		Release|x86 = Release|x86
	EndGlobalSection
	GlobalSection(ProjectConfigurationPlatforms) = postSolution
		{C3E44C3E-718F-4FD3-9280-7E80759EFC90}.Debug|x64.ActiveCfg = Debug|x64
		{C3E44C3E-718F-4FD3-9280-7E80759EFC90}.Debug|x64.Build.0 = Debug|x64
		{C3E44C3E-718F-4FD3-9280-7E80759EFC90}.Debug|x86.ActiveCfg = Debug|Win32
		{C3E44C3E-718F-4FD3-9280-7E80759EFC90}.Debug|x86.Build.0 = Debug|Win32
		{C3E44C3E-718F-4FD3-9280-7E80759EFC90}.Release|x64.ActiveCfg = Release|x64
		{C3E44C3E-718F-4FD3-9280-7E80759EFC90}.Release|x64.Build.0 = Release|x64
		{C3E44C3E-718F-4FD3-9280-7E80759EFC90}.Release|x86.ActiveCfg = Release|Win32
		{C3E44C3E-718F-4FD3-9280-7E80759EFC90}.Release|x86.Build.0 = Release|Win32
	EndGlobalSection
	GlobalSection(SolutionProperties) = preSolution
		HideSolutionNode = FALSE
	EndGlobalSection
	GlobalSection(ExtensibilityGlobals) = postSolution
		SolutionGuid = {6F8D414B-066F-44B7-8CB0-63E3C607667C}
	EndGlobalSection
EndGlobal
