
Microsoft Visual Studio Solution File, Format Version 12.00
# Visual Studio Version 16
VisualStudioVersion = 16.0.31624.102
MinimumVisualStudioVersion = 10.0.40219.1
Project("{8BC9CEB8-8B4A-11D0-8D11-00A0C91BC942}") = "Lab7_1", "Lab7\Lab7.vcxproj", "{0C653B6C-D5F4-426B-8C37-EE102E1663C9}"
EndProject
Project("{8BC9CEB8-8B4A-11D0-8D11-00A0C91BC942}") = "Lab7_2", "Lab7_2\Lab7_2.vcxproj", "{FC44C841-5C6D-4F96-8CA2-AB656F8D257F}"
EndProject
Global
	GlobalSection(SolutionConfigurationPlatforms) = preSolution
		Debug|x64 = Debug|x64
		Debug|x86 = Debug|x86
		Release|x64 = Release|x64
		Release|x86 = Release|x86
	EndGlobalSection
	GlobalSection(ProjectConfigurationPlatforms) = postSolution
		{0C653B6C-D5F4-426B-8C37-EE102E1663C9}.Debug|x64.ActiveCfg = Debug|x64
		{0C653B6C-D5F4-426B-8C37-EE102E1663C9}.Debug|x64.Build.0 = Debug|x64
		{0C653B6C-D5F4-426B-8C37-EE102E1663C9}.Debug|x86.ActiveCfg = Debug|Win32
		{0C653B6C-D5F4-426B-8C37-EE102E1663C9}.Debug|x86.Build.0 = Debug|Win32
		{0C653B6C-D5F4-426B-8C37-EE102E1663C9}.Release|x64.ActiveCfg = Release|x64
		{0C653B6C-D5F4-426B-8C37-EE102E1663C9}.Release|x64.Build.0 = Release|x64
		{0C653B6C-D5F4-426B-8C37-EE102E1663C9}.Release|x86.ActiveCfg = Release|Win32
		{0C653B6C-D5F4-426B-8C37-EE102E1663C9}.Release|x86.Build.0 = Release|Win32
		{FC44C841-5C6D-4F96-8CA2-AB656F8D257F}.Debug|x64.ActiveCfg = Debug|x64
		{FC44C841-5C6D-4F96-8CA2-AB656F8D257F}.Debug|x64.Build.0 = Debug|x64
		{FC44C841-5C6D-4F96-8CA2-AB656F8D257F}.Debug|x86.ActiveCfg = Debug|Win32
		{FC44C841-5C6D-4F96-8CA2-AB656F8D257F}.Debug|x86.Build.0 = Debug|Win32
		{FC44C841-5C6D-4F96-8CA2-AB656F8D257F}.Release|x64.ActiveCfg = Release|x64
		{FC44C841-5C6D-4F96-8CA2-AB656F8D257F}.Release|x64.Build.0 = Release|x64
		{FC44C841-5C6D-4F96-8CA2-AB656F8D257F}.Release|x86.ActiveCfg = Release|Win32
		{FC44C841-5C6D-4F96-8CA2-AB656F8D257F}.Release|x86.Build.0 = Release|Win32
	EndGlobalSection
	GlobalSection(SolutionProperties) = preSolution
		HideSolutionNode = FALSE
	EndGlobalSection
	GlobalSection(ExtensibilityGlobals) = postSolution
		SolutionGuid = {A4B6F733-5300-4C50-84A9-F6BF163440C9}
	EndGlobalSection
EndGlobal
